# THIS IS AN AUTOGENERATED FILE. DO NOT EDIT THIS FILE DIRECTLY.
# yarn lockfile v1


"@fun-stack/fun-local-env@^0.3.3":
  version "0.3.3"
  resolved "https://registry.yarnpkg.com/@fun-stack/fun-local-env/-/fun-local-env-0.3.3.tgz#93554fd413667f14696bc8faff9d9daaa2b54688"
  integrity sha512-8yYNZHt3vtdsNTa2nok3mdyPhCjYX4p48v0xz3Z2A6L7RxHBCpIAD3jQjFSG7iCe13xSxnYa6+JU4AN2dx5tZQ==
